{
  "nodes": {
    "nixpkgs": {
      "locked": {
        "lastModified": 1770136044,
        "narHash": "sha256-tlFqNG/uzz2++aAmn4v8J0vAkV3z7XngeIIB3rM3650=",
        "owner": "NixOS",
        "repo": "nixpkgs",
        "rev": "e576e3c9cf9bad747afcddd9e34f51d18c855b4e",
        "type": "github"
      },
      "original": {
        "owner": "NixOS",
        "ref": "nixos-25.11",
        "repo": "nixpkgs",
        "type": "github"
      }
    },
    "root": {
      "inputs": {
        "nixpkgs": "nixpkgs",
        "version": "version"
      }
    },
    "version": {
      "inputs": {
        "nixpkgs": [
          "nixpkgs"
        ]
      },
      "locked": {
        "lastModified": 1749991223,
        "narHash": "sha256-K6OM2m+Bdkbq7MvTIwI1t0aPIwmkLUDeUfev5VHpiwg=",
        "owner": "a-h",
        "repo": "version",
        "rev": "da721166410c6e7e2bea37cf3dee3948b5d0c83f",
        "type": "github"
      },
      "original": {
        "owner": "a-h",
        "repo": "version",
        "type": "github"
      }
    }
  },
  "root": "root",
  "version": 7
}
